
Microsoft Visual Studio Solution File, Format Version 12.00
# Visual Studio Version 17
VisualStudioVersion = 17.10.34916.146
MinimumVisualStudioVersion = 10.0.40219.1
Project("{FAE04EC0-301F-11D3-BF4B-00C04F79EFBC}") = "Rats", "Rats.csproj", "{5BFDAFE9-F19F-4BED-A485-5602B0C9E118}"
EndProject
Global
	GlobalSection(SolutionConfigurationPlatforms) = preSolution
		Debug|Any CPU = Debug|Any CPU
		Release|Any CPU = Release|Any CPU
	EndGlobalSection
	GlobalSection(ProjectConfigurationPlatforms) = postSolution
		{5BFDAFE9-F19F-4BED-A485-5602B0C9E118}.Debug|Any CPU.ActiveCfg = Debug|Any CPU
		{5BFDAFE9-F19F-4BED-A485-5602B0C9E118}.Debug|Any CPU.Build.0 = Debug|Any CPU
		{5BFDAFE9-F19F-4BED-A485-5602B0C9E118}.Release|Any CPU.ActiveCfg = Release|Any CPU
		{5BFDAFE9-F19F-4BED-A485-5602B0C9E118}.Release|Any CPU.Build.0 = Release|Any CPU
	EndGlobalSection
	GlobalSection(SolutionProperties) = preSolution
		HideSolutionNode = FALSE
	EndGlobalSection
	GlobalSection(ExtensibilityGlobals) = postSolution
		SolutionGuid = {259A42F6-B9B4-4F84-8BD9-9DA358AEB6ED}
	EndGlobalSection
EndGlobal
